
Microsoft Visual Studio Solution File, Format Version 12.00
# Visual Studio Version 17
VisualStudioVersion = 17.7.34221.43
MinimumVisualStudioVersion = 10.0.40219.1
Project("{FAE04EC0-301F-11D3-BF4B-00C04F79EFBC}") = "ViewModelCoreMVC", "ViewModelCoreMVC\ViewModelCoreMVC.csproj", "{A1530D53-E86E-42FE-AFF5-48AAADFFDF0C}"
EndProject
Global
	GlobalSection(SolutionConfigurationPlatforms) = preSolution
		Debug|Any CPU = Debug|Any CPU
		Release|Any CPU = Release|Any CPU
	EndGlobalSection
	GlobalSection(ProjectConfigurationPlatforms) = postSolution
		{A1530D53-E86E-42FE-AFF5-48AAADFFDF0C}.Debug|Any CPU.ActiveCfg = Debug|Any CPU
		{A1530D53-E86E-42FE-AFF5-48AAADFFDF0C}.Debug|Any CPU.Build.0 = Debug|Any CPU
		{A1530D53-E86E-42FE-AFF5-48AAADFFDF0C}.Release|Any CPU.ActiveCfg = Release|Any CPU
		{A1530D53-E86E-42FE-AFF5-48AAADFFDF0C}.Release|Any CPU.Build.0 = Release|Any CPU
	EndGlobalSection
	GlobalSection(SolutionProperties) = preSolution
		HideSolutionNode = FALSE
	EndGlobalSection
	GlobalSection(ExtensibilityGlobals) = postSolution
		SolutionGuid = {C7825805-1AD6-43C2-B8D8-ABB854B6B53B}
	EndGlobalSection
EndGlobal
